
Microsoft Visual Studio Solution File, Format Version 12.00
# Visual Studio 15
VisualStudioVersion = 15.0.28307.271
MinimumVisualStudioVersion = 10.0.40219.1
Project("{FAE04EC0-301F-11D3-BF4B-00C04F79EFBC}") = "SalesWebMvc", "SalesWebMvc\SalesWebMvc.csproj", "{6934FF1D-8CB9-4D81-B7DC-AF5F94EE2683}"
EndProject
Global
	GlobalSection(SolutionConfigurationPlatforms) = preSolution
		Debug|Any CPU = Debug|Any CPU
		Release|Any CPU = Release|Any CPU
	EndGlobalSection
	GlobalSection(ProjectConfigurationPlatforms) = postSolution
		{6934FF1D-8CB9-4D81-B7DC-AF5F94EE2683}.Debug|Any CPU.ActiveCfg = Debug|Any CPU
		{6934FF1D-8CB9-4D81-B7DC-AF5F94EE2683}.Debug|Any CPU.Build.0 = Debug|Any CPU
		{6934FF1D-8CB9-4D81-B7DC-AF5F94EE2683}.Release|Any CPU.ActiveCfg = Release|Any CPU
		{6934FF1D-8CB9-4D81-B7DC-AF5F94EE2683}.Release|Any CPU.Build.0 = Release|Any CPU
	EndGlobalSection
	GlobalSection(SolutionProperties) = preSolution
		HideSolutionNode = FALSE
	EndGlobalSection
	GlobalSection(ExtensibilityGlobals) = postSolution
		SolutionGuid = {8F4179AF-1601-4530-BB03-0D3CC25C11C9}
	EndGlobalSection
EndGlobal
